{
    "jacocoAgent": {
        "org.jacoco:org.jacoco.agent": {
            "locked": "0.8.5"
        }
    },
    "jacocoAnt": {
        "org.jacoco:org.jacoco.ant": {
            "locked": "0.8.5"
        }
    },
    "testCompileClasspath": {
        "org.assertj:assertj-core": {
            "locked": "3.16.0",
            "requested": "3.+"
        },
        "org.junit.jupiter:junit-jupiter-api": {
            "locked": "5.7.0-M1",
            "requested": "5.+"
        }
    },
    "testRuntimeClasspath": {
        "org.assertj:assertj-core": {
            "locked": "3.16.0",
            "requested": "3.+"
        },
        "org.junit.jupiter:junit-jupiter-api": {
            "locked": "5.7.0-M1",
            "requested": "5.+"
        },
        "org.junit.jupiter:junit-jupiter-engine": {
            "locked": "5.7.0-M1",
            "requested": "5.+"
        }
    }
}