{
    "jacocoAgent": {
        "org.jacoco:org.jacoco.agent": {
            "locked": "0.8.5"
        }
    },
    "jacocoAnt": {
        "org.jacoco:org.jacoco.ant": {
            "locked": "0.8.5"
        }
    },
    "testCompileClasspath": {
        "org.assertj:assertj-core": {
            "locked": "3.22.0"
        },
        "org.jmockit:jmockit": {
            "locked": "1.49"
        },
        "org.junit.jupiter:junit-jupiter-api": {
            "locked": "5.8.2"
        }
    },
    "testRuntimeClasspath": {
        "org.assertj:assertj-core": {
            "locked": "3.22.0"
        },
        "org.jmockit:jmockit": {
            "locked": "1.49"
        },
        "org.junit.jupiter:junit-jupiter-api": {
            "locked": "5.8.2"
        },
        "org.junit.jupiter:junit-jupiter-engine": {
            "locked": "5.8.2"
        }
    }
}