{
    "compileClasspath": {
        "com.fasterxml.jackson.core:jackson-annotations": {
            "locked": "2.13.1"
        },
        "com.fasterxml.jackson.core:jackson-databind": {
            "locked": "2.13.1"
        },
        "com.fasterxml.jackson.datatype:jackson-datatype-jdk8": {
            "locked": "2.13.1"
        },
        "com.fasterxml.jackson.datatype:jackson-datatype-jsr310": {
            "locked": "2.13.1"
        },
        "com.fasterxml.jackson.module:jackson-module-parameter-names": {
            "locked": "2.13.1"
        },
        "io.github.cloudscheduler:cloudscheduler-api": {
            "project": true
        }
    },
    "jacocoAgent": {
        "org.jacoco:org.jacoco.agent": {
            "locked": "0.8.5"
        }
    },
    "jacocoAnt": {
        "org.jacoco:org.jacoco.ant": {
            "locked": "0.8.5"
        }
    },
    "runtimeClasspath": {
        "com.fasterxml.jackson.core:jackson-annotations": {
            "locked": "2.13.1"
        },
        "com.fasterxml.jackson.core:jackson-databind": {
            "locked": "2.13.1"
        },
        "com.fasterxml.jackson.datatype:jackson-datatype-jdk8": {
            "locked": "2.13.1"
        },
        "com.fasterxml.jackson.datatype:jackson-datatype-jsr310": {
            "locked": "2.13.1"
        },
        "com.fasterxml.jackson.module:jackson-module-parameter-names": {
            "locked": "2.13.1"
        },
        "io.github.cloudscheduler:cloudscheduler-api": {
            "project": true
        }
    },
    "testCompileClasspath": {
        "com.fasterxml.jackson.core:jackson-annotations": {
            "locked": "2.13.1"
        },
        "com.fasterxml.jackson.core:jackson-databind": {
            "locked": "2.13.1"
        },
        "com.fasterxml.jackson.datatype:jackson-datatype-jdk8": {
            "locked": "2.13.1"
        },
        "com.fasterxml.jackson.datatype:jackson-datatype-jsr310": {
            "locked": "2.13.1"
        },
        "com.fasterxml.jackson.module:jackson-module-parameter-names": {
            "locked": "2.13.1"
        },
        "io.github.cloudscheduler:cloudscheduler-api": {
            "project": true
        },
        "org.assertj:assertj-core": {
            "locked": "3.22.0"
        },
        "org.jmockit:jmockit": {
            "locked": "1.49"
        },
        "org.junit.jupiter:junit-jupiter-api": {
            "locked": "5.8.2"
        }
    },
    "testRuntimeClasspath": {
        "com.fasterxml.jackson.core:jackson-annotations": {
            "locked": "2.13.1"
        },
        "com.fasterxml.jackson.core:jackson-databind": {
            "locked": "2.13.1"
        },
        "com.fasterxml.jackson.datatype:jackson-datatype-jdk8": {
            "locked": "2.13.1"
        },
        "com.fasterxml.jackson.datatype:jackson-datatype-jsr310": {
            "locked": "2.13.1"
        },
        "com.fasterxml.jackson.module:jackson-module-parameter-names": {
            "locked": "2.13.1"
        },
        "io.github.cloudscheduler:cloudscheduler-api": {
            "project": true
        },
        "org.assertj:assertj-core": {
            "locked": "3.22.0"
        },
        "org.jmockit:jmockit": {
            "locked": "1.49"
        },
        "org.junit.jupiter:junit-jupiter-api": {
            "locked": "5.8.2"
        },
        "org.junit.jupiter:junit-jupiter-engine": {
            "locked": "5.8.2"
        }
    }
}