{
    "compileClasspath": {
        "io.github.cloudscheduler:cloudscheduler-api": {
            "project": true
        },
        "org.apache.zookeeper:zookeeper": {
            "locked": "3.6.3"
        },
        "org.apache.zookeeper:zookeeper-jute": {
            "locked": "3.6.3"
        },
        "org.slf4j:slf4j-api": {
            "locked": "1.7.35"
        }
    },
    "jacocoAgent": {
        "org.jacoco:org.jacoco.agent": {
            "locked": "0.8.5"
        }
    },
    "jacocoAnt": {
        "org.jacoco:org.jacoco.ant": {
            "locked": "0.8.5"
        }
    },
    "runtimeClasspath": {
        "io.github.cloudscheduler:cloudscheduler-api": {
            "project": true
        },
        "org.apache.zookeeper:zookeeper": {
            "locked": "3.6.3"
        },
        "org.apache.zookeeper:zookeeper-jute": {
            "locked": "3.6.3"
        },
        "org.slf4j:slf4j-api": {
            "locked": "1.7.35"
        }
    },
    "testCompileClasspath": {
        "io.github.cloudscheduler:cloudscheduler-api": {
            "project": true
        },
        "io.github.cloudscheduler:cloudscheduler-codec-json": {
            "project": true
        },
        "org.apache.curator:curator-test": {
            "locked": "5.2.0"
        },
        "org.apache.zookeeper:zookeeper": {
            "locked": "3.6.3"
        },
        "org.apache.zookeeper:zookeeper-jute": {
            "locked": "3.6.3"
        },
        "org.assertj:assertj-core": {
            "locked": "3.22.0"
        },
        "org.jmockit:jmockit": {
            "locked": "1.49"
        },
        "org.junit.jupiter:junit-jupiter-api": {
            "locked": "5.8.2"
        },
        "org.slf4j:slf4j-api": {
            "locked": "1.7.35"
        }
    },
    "testRuntimeClasspath": {
        "com.fasterxml.jackson.core:jackson-annotations": {
            "firstLevelTransitive": [
                "io.github.cloudscheduler:cloudscheduler-codec-json"
            ],
            "locked": "2.13.1"
        },
        "com.fasterxml.jackson.core:jackson-databind": {
            "firstLevelTransitive": [
                "io.github.cloudscheduler:cloudscheduler-codec-json"
            ],
            "locked": "2.13.1"
        },
        "com.fasterxml.jackson.datatype:jackson-datatype-jdk8": {
            "firstLevelTransitive": [
                "io.github.cloudscheduler:cloudscheduler-codec-json"
            ],
            "locked": "2.13.1"
        },
        "com.fasterxml.jackson.datatype:jackson-datatype-jsr310": {
            "firstLevelTransitive": [
                "io.github.cloudscheduler:cloudscheduler-codec-json"
            ],
            "locked": "2.13.1"
        },
        "com.fasterxml.jackson.module:jackson-module-parameter-names": {
            "firstLevelTransitive": [
                "io.github.cloudscheduler:cloudscheduler-codec-json"
            ],
            "locked": "2.13.1"
        },
        "io.github.cloudscheduler:cloudscheduler-api": {
            "firstLevelTransitive": [
                "io.github.cloudscheduler:cloudscheduler-codec-json"
            ],
            "project": true
        },
        "io.github.cloudscheduler:cloudscheduler-codec-json": {
            "project": true
        },
        "org.apache.curator:curator-test": {
            "locked": "5.2.0"
        },
        "org.apache.logging.log4j:log4j-core": {
            "locked": "2.17.1"
        },
        "org.apache.logging.log4j:log4j-slf4j-impl": {
            "locked": "2.17.1"
        },
        "org.apache.zookeeper:zookeeper": {
            "locked": "3.6.3"
        },
        "org.apache.zookeeper:zookeeper-jute": {
            "locked": "3.6.3"
        },
        "org.assertj:assertj-core": {
            "locked": "3.22.0"
        },
        "org.jmockit:jmockit": {
            "locked": "1.49"
        },
        "org.junit.jupiter:junit-jupiter-api": {
            "locked": "5.8.2"
        },
        "org.junit.jupiter:junit-jupiter-engine": {
            "locked": "5.8.2"
        },
        "org.slf4j:slf4j-api": {
            "locked": "1.7.35"
        }
    }
}